<?xml version="1.0" encoding="UTF-8" standalone="yes" ?>
<CodeBlocks_project_file>
	<FileVersion major="1" minor="6" />
	<Project>
		<Option title="asm" />
		<Option makefile_is_custom="1" />
		<Option pch_mode="2" />
		<Option compiler="gcc" />
		<Build>
			<Target title="all">
				<Option output="bin/asm" prefix_auto="1" extension_auto="1" />
				<Option object_output="obj/" />
				<Option type="1" />
				<Option compiler="gcc" />
				<MakeCommands>
					<Build command="$make -f $makefile" />
					<CompileFile command="$make -f $makefile" />
					<Clean command="$make -f $makefile clean" />
					<DistClean command="$make -f $makefile distclean" />
					<AskRebuildNeeded command="$make -q -f $makefile" />
					<SilentBuild command="$make -f $makefile &gt; $(CMD_NULL)" />
				</MakeCommands>
			</Target>
		</Build>
		<Compiler />
		<Unit filename="asm.asm" />
		<Extensions />
	</Project>
</CodeBlocks_project_file>
