
Microsoft Visual Studio Solution File, Format Version 10.00
# Visual Studio 2008
Project("{8BC9CEB8-8B4A-11D0-8D11-00A0C91BC942}") = "course work", "course work\course work.vcproj", "{EADEB1A3-428F-46AE-BDDB-ED3D91496941}"
EndProject
Global
	GlobalSection(SolutionConfigurationPlatforms) = preSolution
		Debug|Win32 = Debug|Win32
		Release|Win32 = Release|Win32
	EndGlobalSection
	GlobalSection(ProjectConfigurationPlatforms) = postSolution
		{EADEB1A3-428F-46AE-BDDB-ED3D91496941}.Debug|Win32.ActiveCfg = Debug|Win32
		{EADEB1A3-428F-46AE-BDDB-ED3D91496941}.Debug|Win32.Build.0 = Debug|Win32
		{EADEB1A3-428F-46AE-BDDB-ED3D91496941}.Release|Win32.ActiveCfg = Release|Win32
		{EADEB1A3-428F-46AE-BDDB-ED3D91496941}.Release|Win32.Build.0 = Release|Win32
	EndGlobalSection
	GlobalSection(SolutionProperties) = preSolution
		HideSolutionNode = FALSE
	EndGlobalSection
EndGlobal
